
Microsoft Visual Studio Solution File, Format Version 12.00
# Visual Studio Version 17
VisualStudioVersion = 17.0.31903.59
MinimumVisualStudioVersion = 10.0.40219.1
Project("{FAE04EC0-301F-11D3-BF4B-00C04F79EFBC}") = "UrlShortener.Api", "UrlShortener.Api\UrlShortener.Api.csproj", "{0F243CB3-EDCE-4C6B-9B95-309D09D799F2}"
EndProject
Project("{2150E333-8FDC-42A3-9474-1A3956D46DE8}") = "Api", "Api", "{AB7A1042-CB8F-4AD6-87E1-B796619AAA00}"
EndProject
Project("{2150E333-8FDC-42A3-9474-1A3956D46DE8}") = "src", "src", "{7C6E88C3-5651-43F6-90A7-930E62A09964}"
EndProject
Project("{2150E333-8FDC-42A3-9474-1A3956D46DE8}") = "tests", "tests", "{CE63C717-132C-4674-8207-7328AF050B94}"
EndProject
Project("{FAE04EC0-301F-11D3-BF4B-00C04F79EFBC}") = "UrlShortener.Api.Core.Tests", "UrlShortener.Api.Core.Tests\UrlShortener.Api.Core.Tests.csproj", "{15138398-9FA7-4A05-B663-B3177C327522}"
EndProject
Project("{FAE04EC0-301F-11D3-BF4B-00C04F79EFBC}") = "UrlShortener.Core", "UrlShortener.Core\UrlShortener.Core.csproj", "{554F24DC-63E5-470B-AFB7-8BD6C48AF92E}"
EndProject
Global
	GlobalSection(SolutionConfigurationPlatforms) = preSolution
		Debug|Any CPU = Debug|Any CPU
		Release|Any CPU = Release|Any CPU
	EndGlobalSection
	GlobalSection(SolutionProperties) = preSolution
		HideSolutionNode = FALSE
	EndGlobalSection
	GlobalSection(ProjectConfigurationPlatforms) = postSolution
		{0F243CB3-EDCE-4C6B-9B95-309D09D799F2}.Debug|Any CPU.ActiveCfg = Debug|Any CPU
		{0F243CB3-EDCE-4C6B-9B95-309D09D799F2}.Debug|Any CPU.Build.0 = Debug|Any CPU
		{0F243CB3-EDCE-4C6B-9B95-309D09D799F2}.Release|Any CPU.ActiveCfg = Release|Any CPU
		{0F243CB3-EDCE-4C6B-9B95-309D09D799F2}.Release|Any CPU.Build.0 = Release|Any CPU
		{15138398-9FA7-4A05-B663-B3177C327522}.Debug|Any CPU.ActiveCfg = Debug|Any CPU
		{15138398-9FA7-4A05-B663-B3177C327522}.Debug|Any CPU.Build.0 = Debug|Any CPU
		{15138398-9FA7-4A05-B663-B3177C327522}.Release|Any CPU.ActiveCfg = Release|Any CPU
		{15138398-9FA7-4A05-B663-B3177C327522}.Release|Any CPU.Build.0 = Release|Any CPU
		{554F24DC-63E5-470B-AFB7-8BD6C48AF92E}.Debug|Any CPU.ActiveCfg = Debug|Any CPU
		{554F24DC-63E5-470B-AFB7-8BD6C48AF92E}.Debug|Any CPU.Build.0 = Debug|Any CPU
		{554F24DC-63E5-470B-AFB7-8BD6C48AF92E}.Release|Any CPU.ActiveCfg = Release|Any CPU
		{554F24DC-63E5-470B-AFB7-8BD6C48AF92E}.Release|Any CPU.Build.0 = Release|Any CPU
	EndGlobalSection
	GlobalSection(NestedProjects) = preSolution
		{7C6E88C3-5651-43F6-90A7-930E62A09964} = {AB7A1042-CB8F-4AD6-87E1-B796619AAA00}
		{0F243CB3-EDCE-4C6B-9B95-309D09D799F2} = {7C6E88C3-5651-43F6-90A7-930E62A09964}
		{CE63C717-132C-4674-8207-7328AF050B94} = {AB7A1042-CB8F-4AD6-87E1-B796619AAA00}
		{15138398-9FA7-4A05-B663-B3177C327522} = {CE63C717-132C-4674-8207-7328AF050B94}
		{554F24DC-63E5-470B-AFB7-8BD6C48AF92E} = {7C6E88C3-5651-43F6-90A7-930E62A09964}
	EndGlobalSection
EndGlobal
