
Microsoft Visual Studio Solution File, Format Version 12.00
# Visual Studio Version 17
VisualStudioVersion = 17.0.31903.59
MinimumVisualStudioVersion = 10.0.40219.1
Project("{2150E333-8FDC-42A3-9474-1A3956D46DE8}") = "Api", "Api", "{AB7A1042-CB8F-4AD6-87E1-B796619AAA00}"
EndProject
Project("{FAE04EC0-301F-11D3-BF4B-00C04F79EFBC}") = "UrlShortener.Api", "Api\src\UrlShortener.Api\UrlShortener.Api.csproj", "{0F243CB3-EDCE-4C6B-9B95-309D09D799F2}"
EndProject
Project("{2150E333-8FDC-42A3-9474-1A3956D46DE8}") = "src", "src", "{7C6E88C3-5651-43F6-90A7-930E62A09964}"
EndProject
Project("{2150E333-8FDC-42A3-9474-1A3956D46DE8}") = "tests", "tests", "{CE63C717-132C-4674-8207-7328AF050B94}"
EndProject
Project("{FAE04EC0-301F-11D3-BF4B-00C04F79EFBC}") = "UrlShortener.Core", "Api\src\UrlShortener.Core\UrlShortener.Core.csproj", "{554F24DC-63E5-470B-AFB7-8BD6C48AF92E}"
EndProject
Project("{FAE04EC0-301F-11D3-BF4B-00C04F79EFBC}") = "UrlShortener.Tests", "Api\tests\UrlShortener.Tests\UrlShortener.Tests.csproj", "{084726D9-0B27-4D55-B935-4333F18B2F00}"
EndProject
Project("{FAE04EC0-301F-11D3-BF4B-00C04F79EFBC}") = "UrlShortener.Infrastructure", "Api\src\UrlShortener.Infrastructure\UrlShortener.Infrastructure.csproj", "{83AC5E99-D8C4-4D80-AC84-3C3AA90AE9F4}"
EndProject
Project("{2150E333-8FDC-42A3-9474-1A3956D46DE8}") = "TokenRanges", "TokenRanges", "{D04EDF7B-4C34-4822-B666-D72F5593E671}"
EndProject
Project("{2150E333-8FDC-42A3-9474-1A3956D46DE8}") = "src", "src", "{C1666BA7-8075-4A40-82A4-A8DD31C66569}"
	
EndProject
Project("{2150E333-8FDC-42A3-9474-1A3956D46DE8}") = "tests", "tests", "{4DE5CA59-1327-4929-828E-87C693042238}"
EndProject
Project("{FAE04EC0-301F-11D3-BF4B-00C04F79EFBC}") = "UrlShortener.Api.Core.Tests", "Api\tests\UrlShortener.Api.Core.Tests\UrlShortener.Api.Core.Tests.csproj", "{56D74AEB-FF10-42F8-BFF5-1F7D936600D2}"
EndProject
Project("{FAE04EC0-301F-11D3-BF4B-00C04F79EFBC}") = "UrlShortener.TokenRangeService", "TokenRanges\src\UrlShortener.TokenRangeService\UrlShortener.TokenRangeService.csproj", "{AB4F6C09-5714-415A-8136-8AB4B1B07894}"
EndProject
Project("{2150E333-8FDC-42A3-9474-1A3956D46DE8}") = "tests", "tests", "{44A9700A-55E2-4C95-B1E3-CCFF1868DF19}"
EndProject
Project("{FAE04EC0-301F-11D3-BF4B-00C04F79EFBC}") = "UrlShortener.TokenRangeService.Tests", "UrlShortener.TokenRangeService.Tests\UrlShortener.TokenRangeService.Tests.csproj", "{4726A41C-A5F5-4557-B000-964C541B7D85}"
EndProject
Global
	GlobalSection(SolutionConfigurationPlatforms) = preSolution
		Debug|Any CPU = Debug|Any CPU
		Release|Any CPU = Release|Any CPU
	EndGlobalSection
	GlobalSection(SolutionProperties) = preSolution
		HideSolutionNode = FALSE
	EndGlobalSection
	GlobalSection(ProjectConfigurationPlatforms) = postSolution
		{0F243CB3-EDCE-4C6B-9B95-309D09D799F2}.Debug|Any CPU.ActiveCfg = Debug|Any CPU
		{0F243CB3-EDCE-4C6B-9B95-309D09D799F2}.Debug|Any CPU.Build.0 = Debug|Any CPU
		{0F243CB3-EDCE-4C6B-9B95-309D09D799F2}.Release|Any CPU.ActiveCfg = Release|Any CPU
		{0F243CB3-EDCE-4C6B-9B95-309D09D799F2}.Release|Any CPU.Build.0 = Release|Any CPU
		{554F24DC-63E5-470B-AFB7-8BD6C48AF92E}.Debug|Any CPU.ActiveCfg = Debug|Any CPU
		{554F24DC-63E5-470B-AFB7-8BD6C48AF92E}.Debug|Any CPU.Build.0 = Debug|Any CPU
		{554F24DC-63E5-470B-AFB7-8BD6C48AF92E}.Release|Any CPU.ActiveCfg = Release|Any CPU
		{554F24DC-63E5-470B-AFB7-8BD6C48AF92E}.Release|Any CPU.Build.0 = Release|Any CPU
		{084726D9-0B27-4D55-B935-4333F18B2F00}.Debug|Any CPU.ActiveCfg = Debug|Any CPU
		{084726D9-0B27-4D55-B935-4333F18B2F00}.Debug|Any CPU.Build.0 = Debug|Any CPU
		{084726D9-0B27-4D55-B935-4333F18B2F00}.Release|Any CPU.ActiveCfg = Release|Any CPU
		{084726D9-0B27-4D55-B935-4333F18B2F00}.Release|Any CPU.Build.0 = Release|Any CPU
		{83AC5E99-D8C4-4D80-AC84-3C3AA90AE9F4}.Debug|Any CPU.ActiveCfg = Debug|Any CPU
		{83AC5E99-D8C4-4D80-AC84-3C3AA90AE9F4}.Debug|Any CPU.Build.0 = Debug|Any CPU
		{83AC5E99-D8C4-4D80-AC84-3C3AA90AE9F4}.Release|Any CPU.ActiveCfg = Release|Any CPU
		{83AC5E99-D8C4-4D80-AC84-3C3AA90AE9F4}.Release|Any CPU.Build.0 = Release|Any CPU
		{56D74AEB-FF10-42F8-BFF5-1F7D936600D2}.Debug|Any CPU.ActiveCfg = Debug|Any CPU
		{56D74AEB-FF10-42F8-BFF5-1F7D936600D2}.Debug|Any CPU.Build.0 = Debug|Any CPU
		{56D74AEB-FF10-42F8-BFF5-1F7D936600D2}.Release|Any CPU.ActiveCfg = Release|Any CPU
		{56D74AEB-FF10-42F8-BFF5-1F7D936600D2}.Release|Any CPU.Build.0 = Release|Any CPU
		{AB4F6C09-5714-415A-8136-8AB4B1B07894}.Debug|Any CPU.ActiveCfg = Debug|Any CPU
		{AB4F6C09-5714-415A-8136-8AB4B1B07894}.Debug|Any CPU.Build.0 = Debug|Any CPU
		{AB4F6C09-5714-415A-8136-8AB4B1B07894}.Release|Any CPU.ActiveCfg = Release|Any CPU
		{AB4F6C09-5714-415A-8136-8AB4B1B07894}.Release|Any CPU.Build.0 = Release|Any CPU
		{4726A41C-A5F5-4557-B000-964C541B7D85}.Debug|Any CPU.ActiveCfg = Debug|Any CPU
		{4726A41C-A5F5-4557-B000-964C541B7D85}.Debug|Any CPU.Build.0 = Debug|Any CPU
		{4726A41C-A5F5-4557-B000-964C541B7D85}.Release|Any CPU.ActiveCfg = Release|Any CPU
		{4726A41C-A5F5-4557-B000-964C541B7D85}.Release|Any CPU.Build.0 = Release|Any CPU
	EndGlobalSection
	GlobalSection(NestedProjects) = preSolution
		{7C6E88C3-5651-43F6-90A7-930E62A09964} = {AB7A1042-CB8F-4AD6-87E1-B796619AAA00}
		{0F243CB3-EDCE-4C6B-9B95-309D09D799F2} = {7C6E88C3-5651-43F6-90A7-930E62A09964}
		{CE63C717-132C-4674-8207-7328AF050B94} = {AB7A1042-CB8F-4AD6-87E1-B796619AAA00}
		{554F24DC-63E5-470B-AFB7-8BD6C48AF92E} = {7C6E88C3-5651-43F6-90A7-930E62A09964}
		{084726D9-0B27-4D55-B935-4333F18B2F00} = {CE63C717-132C-4674-8207-7328AF050B94}
		{83AC5E99-D8C4-4D80-AC84-3C3AA90AE9F4} = {7C6E88C3-5651-43F6-90A7-930E62A09964}
		{C1666BA7-8075-4A40-82A4-A8DD31C66569} = {D04EDF7B-4C34-4822-B666-D72F5593E671}
		{4DE5CA59-1327-4929-828E-87C693042238} = {D04EDF7B-4C34-4822-B666-D72F5593E671}
		{56D74AEB-FF10-42F8-BFF5-1F7D936600D2} = {CE63C717-132C-4674-8207-7328AF050B94}
		{AB4F6C09-5714-415A-8136-8AB4B1B07894} = {C1666BA7-8075-4A40-82A4-A8DD31C66569}
		{44A9700A-55E2-4C95-B1E3-CCFF1868DF19} = {C1666BA7-8075-4A40-82A4-A8DD31C66569}
		{4726A41C-A5F5-4557-B000-964C541B7D85} = {4DE5CA59-1327-4929-828E-87C693042238}
	EndGlobalSection
EndGlobal
